
Microsoft Visual Studio Solution File, Format Version 12.00
# Visual Studio Version 16
VisualStudioVersion = 16.0.29411.108
MinimumVisualStudioVersion = 10.0.40219.1
Project("{FAE04EC0-301F-11D3-BF4B-00C04F79EFBC}") = "FLEX.API", "FLEX.API\FLEX.API.csproj", "{7D9CE893-02E4-4F3D-BDB0-AB94582A698F}"
EndProject
Global
	GlobalSection(SolutionConfigurationPlatforms) = preSolution
		Debug|Any CPU = Debug|Any CPU
		Release|Any CPU = Release|Any CPU
	EndGlobalSection
	GlobalSection(ProjectConfigurationPlatforms) = postSolution
		{7D9CE893-02E4-4F3D-BDB0-AB94582A698F}.Debug|Any CPU.ActiveCfg = Debug|Any CPU
		{7D9CE893-02E4-4F3D-BDB0-AB94582A698F}.Debug|Any CPU.Build.0 = Debug|Any CPU
		{7D9CE893-02E4-4F3D-BDB0-AB94582A698F}.Release|Any CPU.ActiveCfg = Release|Any CPU
		{7D9CE893-02E4-4F3D-BDB0-AB94582A698F}.Release|Any CPU.Build.0 = Release|Any CPU
	EndGlobalSection
	GlobalSection(SolutionProperties) = preSolution
		HideSolutionNode = FALSE
	EndGlobalSection
	GlobalSection(ExtensibilityGlobals) = postSolution
		SolutionGuid = {E58D0EE9-E3E9-4F76-81F8-DE19381F062D}
	EndGlobalSection
EndGlobal
